
Microsoft Visual Studio Solution File, Format Version 12.00
# Visual Studio 15
Project("{FAE04EC0-301F-11D3-BF4B-00C04F79EFBC}") = "Oculus.Platform", "Oculus.Platform.csproj", "{F23AD0F6-D331-F941-11BB-66A25FD43DFB}"
EndProject
Project("{FAE04EC0-301F-11D3-BF4B-00C04F79EFBC}") = "Assembly-CSharp", "Assembly-CSharp.csproj", "{8281257D-7227-2C49-E4CD-A26ACFE12050}"
EndProject
Project("{FAE04EC0-301F-11D3-BF4B-00C04F79EFBC}") = "Oculus.Spatializer", "Oculus.Spatializer.csproj", "{D52514EA-40EF-B481-698F-D3FF4D9D7E37}"
EndProject
Project("{FAE04EC0-301F-11D3-BF4B-00C04F79EFBC}") = "Oculus.Interaction", "Oculus.Interaction.csproj", "{4F6C8389-1F6C-01D4-CF98-C1D0744E0DEF}"
EndProject
Project("{FAE04EC0-301F-11D3-BF4B-00C04F79EFBC}") = "Meta.WitAi", "Meta.WitAi.csproj", "{4E46F9E6-2CBD-B633-034F-D21EE7BE4C3D}"
EndProject
Project("{FAE04EC0-301F-11D3-BF4B-00C04F79EFBC}") = "Oculus.Interaction.OVR.Samples", "Oculus.Interaction.OVR.Samples.csproj", "{627B6452-DC5C-1407-9C2F-9BA22B6F8C2F}"
EndProject
Project("{FAE04EC0-301F-11D3-BF4B-00C04F79EFBC}") = "Oculus.VR", "Oculus.VR.csproj", "{1D6843D2-EDA7-24BF-7027-45DCEB8B84DE}"
EndProject
Project("{FAE04EC0-301F-11D3-BF4B-00C04F79EFBC}") = "VoiceSDK.Dictation.Runtime", "VoiceSDK.Dictation.Runtime.csproj", "{D494E3C5-EDD5-7D7C-2858-9A829375D38C}"
EndProject
Project("{FAE04EC0-301F-11D3-BF4B-00C04F79EFBC}") = "Meta.WitAi.TTS", "Meta.WitAi.TTS.csproj", "{531FA4E9-818E-BC52-6DC6-D64872C41A98}"
EndProject
Project("{FAE04EC0-301F-11D3-BF4B-00C04F79EFBC}") = "Oculus.AudioManager", "Oculus.AudioManager.csproj", "{323F3325-8507-FB43-76EB-668B2919B765}"
EndProject
Project("{FAE04EC0-301F-11D3-BF4B-00C04F79EFBC}") = "VoiceSDK.Runtime", "VoiceSDK.Runtime.csproj", "{DA0FD51E-2EA9-E821-FFF2-A4C187053519}"
EndProject
Project("{FAE04EC0-301F-11D3-BF4B-00C04F79EFBC}") = "Facebook.Wit.Dictation", "Facebook.Wit.Dictation.csproj", "{1FD0D449-DFC3-D73D-B4FE-907F9C4695C3}"
EndProject
Project("{FAE04EC0-301F-11D3-BF4B-00C04F79EFBC}") = "Meta.WitAi.Lib", "Meta.WitAi.Lib.csproj", "{4E807A89-9D46-6261-627F-E60D63DF5CCB}"
EndProject
Project("{FAE04EC0-301F-11D3-BF4B-00C04F79EFBC}") = "Meta.WitAi.TTS.Samples", "Meta.WitAi.TTS.Samples.csproj", "{4AED9326-6FB3-87D8-8EBA-940EF7EEE57A}"
EndProject
Project("{FAE04EC0-301F-11D3-BF4B-00C04F79EFBC}") = "Oculus.Voice.Demo", "Oculus.Voice.Demo.csproj", "{6D37F7DA-892E-4A14-40F1-114868818983}"
EndProject
Project("{FAE04EC0-301F-11D3-BF4B-00C04F79EFBC}") = "Oculus.Interaction.OVR", "Oculus.Interaction.OVR.csproj", "{D12C133E-262C-520E-F1A7-2E19C0F97CBA}"
EndProject
Project("{FAE04EC0-301F-11D3-BF4B-00C04F79EFBC}") = "AssistantCoreSDKRuntime", "AssistantCoreSDKRuntime.csproj", "{5197E2B6-4BB9-F3FD-5C0C-294CBE0BE855}"
EndProject
Project("{FAE04EC0-301F-11D3-BF4B-00C04F79EFBC}") = "Meta.WitAi.Conduit", "Meta.WitAi.Conduit.csproj", "{A92DC5AA-1AFD-788F-928D-10CF8C6BA338}"
EndProject
Project("{FAE04EC0-301F-11D3-BF4B-00C04F79EFBC}") = "Oculus.LipSync", "Oculus.LipSync.csproj", "{62CC98F1-2F86-A37E-BE59-A690E0CCDF35}"
EndProject
Project("{FAE04EC0-301F-11D3-BF4B-00C04F79EFBC}") = "Meta.VoiceSDK.Mic.Other", "Meta.VoiceSDK.Mic.Other.csproj", "{B2C23741-7240-0B75-D9FB-180FC3E3DC35}"
EndProject
Project("{FAE04EC0-301F-11D3-BF4B-00C04F79EFBC}") = "Meta.VoiceSDK.Mic.Common", "Meta.VoiceSDK.Mic.Common.csproj", "{0AAD8C0A-DA68-4C54-6183-AC0DA539D2D7}"
EndProject
Project("{FAE04EC0-301F-11D3-BF4B-00C04F79EFBC}") = "Meta.VoiceSDK.Mic.WebGL", "Meta.VoiceSDK.Mic.WebGL.csproj", "{459AE103-B70E-4AF1-E3C9-6021223DBBC7}"
EndProject
Project("{FAE04EC0-301F-11D3-BF4B-00C04F79EFBC}") = "Meta.WitAi.Editor", "Meta.WitAi.Editor.csproj", "{E0CA7B82-58FB-0AC1-CA5A-CD3EC115C67B}"
EndProject
Project("{FAE04EC0-301F-11D3-BF4B-00C04F79EFBC}") = "Meta.WitAi.Conduit.Editor", "Meta.WitAi.Conduit.Editor.csproj", "{B6A01E75-D6FE-C56E-CDA5-186118915D67}"
EndProject
Project("{FAE04EC0-301F-11D3-BF4B-00C04F79EFBC}") = "Oculus.Interaction.Editor", "Oculus.Interaction.Editor.csproj", "{8FD91E8D-8737-8766-FB1D-1CDE130FD0C7}"
EndProject
Project("{FAE04EC0-301F-11D3-BF4B-00C04F79EFBC}") = "Meta.WitAI.Lib.Editor", "Meta.WitAI.Lib.Editor.csproj", "{EAC5DF00-E292-CBC9-3E5E-CF7055953AB4}"
EndProject
Project("{FAE04EC0-301F-11D3-BF4B-00C04F79EFBC}") = "Oculus.VR.Editor", "Oculus.VR.Editor.csproj", "{03C29BDA-F645-70C8-C8AA-E2EFC4ECF736}"
EndProject
Project("{FAE04EC0-301F-11D3-BF4B-00C04F79EFBC}") = "Oculus.Interaction.OVR.Editor", "Oculus.Interaction.OVR.Editor.csproj", "{B350B80F-9EB7-371A-85FA-CA2B4DC886B4}"
EndProject
Project("{FAE04EC0-301F-11D3-BF4B-00C04F79EFBC}") = "Assembly-CSharp-Editor", "Assembly-CSharp-Editor.csproj", "{FA38FA22-7C5F-FCE8-B3A4-657800B80410}"
EndProject
Project("{FAE04EC0-301F-11D3-BF4B-00C04F79EFBC}") = "Oculus.Interaction.Samples.Editor", "Oculus.Interaction.Samples.Editor.csproj", "{31BB3FEF-610E-BB2C-25FD-40DA30DD2DDB}"
EndProject
Project("{FAE04EC0-301F-11D3-BF4B-00C04F79EFBC}") = "Oculus.VR.Scripts.Editor", "Oculus.VR.Scripts.Editor.csproj", "{332525B6-5358-7933-ABB6-16EED5EF8961}"
EndProject
Project("{FAE04EC0-301F-11D3-BF4B-00C04F79EFBC}") = "VoiceSDK.Editor", "VoiceSDK.Editor.csproj", "{03E20739-7CCD-5E0A-7FB0-85C793E8FBC3}"
EndProject
Project("{FAE04EC0-301F-11D3-BF4B-00C04F79EFBC}") = "Oculus.Spatializer.Editor", "Oculus.Spatializer.Editor.csproj", "{F197D5FD-9BD5-708D-4294-44BDE2867168}"
EndProject
Project("{FAE04EC0-301F-11D3-BF4B-00C04F79EFBC}") = "Meta.WitAi.TTS.Editor", "Meta.WitAi.TTS.Editor.csproj", "{0199813B-C363-B796-E9F4-D5F5249CC879}"
EndProject
Project("{FAE04EC0-301F-11D3-BF4B-00C04F79EFBC}") = "Facebook.Wit.Dictation.Editor", "Facebook.Wit.Dictation.Editor.csproj", "{0BA58C95-672C-AAAC-A6B2-8E606F4177A6}"
EndProject
Project("{FAE04EC0-301F-11D3-BF4B-00C04F79EFBC}") = "VoiceSDK.Dictation.Editor", "VoiceSDK.Dictation.Editor.csproj", "{AE09F8B5-087B-9C67-A76C-D43B68B19514}"
EndProject
Project("{FAE04EC0-301F-11D3-BF4B-00C04F79EFBC}") = "Oculus.Platform.Editor", "Oculus.Platform.Editor.csproj", "{905F777F-3E8B-CC9E-8E4A-E943AC901403}"
EndProject
Project("{FAE04EC0-301F-11D3-BF4B-00C04F79EFBC}") = "Oculus.AudioManager.Audio.Editor", "Oculus.AudioManager.Audio.Editor.csproj", "{8957BDF4-9F01-D1BF-CD9E-7275B51726EB}"
EndProject
Project("{FAE04EC0-301F-11D3-BF4B-00C04F79EFBC}") = "Oculus.Interaction.InterfaceSupport", "Oculus.Interaction.InterfaceSupport.csproj", "{71B17CA7-FDD5-8AC0-AEE8-565707DBCE4E}"
EndProject
Project("{FAE04EC0-301F-11D3-BF4B-00C04F79EFBC}") = "Oculus.LipSync.Editor", "Oculus.LipSync.Editor.csproj", "{DC58705B-3A92-F8F5-7A8D-153374F0D604}"
EndProject
Project("{FAE04EC0-301F-11D3-BF4B-00C04F79EFBC}") = "AssistantCoreSDKEditor", "AssistantCoreSDKEditor.csproj", "{DB535A92-31A6-F0C3-36AB-2DE1B532E442}"
EndProject
Project("{FAE04EC0-301F-11D3-BF4B-00C04F79EFBC}") = "Oculus.AudioManager.Utils.Editor", "Oculus.AudioManager.Utils.Editor.csproj", "{A03D6847-C571-E3EB-0C50-AED55EC1A045}"
EndProject
Global
	GlobalSection(SolutionConfigurationPlatforms) = preSolution
		Debug|Any CPU = Debug|Any CPU
		Release|Any CPU = Release|Any CPU
	EndGlobalSection
	GlobalSection(ProjectConfigurationPlatforms) = postSolution
		{F23AD0F6-D331-F941-11BB-66A25FD43DFB}.Debug|Any CPU.ActiveCfg = Debug|Any CPU
		{F23AD0F6-D331-F941-11BB-66A25FD43DFB}.Debug|Any CPU.Build.0 = Debug|Any CPU
		{F23AD0F6-D331-F941-11BB-66A25FD43DFB}.Release|Any CPU.ActiveCfg = Release|Any CPU
		{F23AD0F6-D331-F941-11BB-66A25FD43DFB}.Release|Any CPU.Build.0 = Release|Any CPU
		{8281257D-7227-2C49-E4CD-A26ACFE12050}.Debug|Any CPU.ActiveCfg = Debug|Any CPU
		{8281257D-7227-2C49-E4CD-A26ACFE12050}.Debug|Any CPU.Build.0 = Debug|Any CPU
		{8281257D-7227-2C49-E4CD-A26ACFE12050}.Release|Any CPU.ActiveCfg = Release|Any CPU
		{8281257D-7227-2C49-E4CD-A26ACFE12050}.Release|Any CPU.Build.0 = Release|Any CPU
		{D52514EA-40EF-B481-698F-D3FF4D9D7E37}.Debug|Any CPU.ActiveCfg = Debug|Any CPU
		{D52514EA-40EF-B481-698F-D3FF4D9D7E37}.Debug|Any CPU.Build.0 = Debug|Any CPU
		{D52514EA-40EF-B481-698F-D3FF4D9D7E37}.Release|Any CPU.ActiveCfg = Release|Any CPU
		{D52514EA-40EF-B481-698F-D3FF4D9D7E37}.Release|Any CPU.Build.0 = Release|Any CPU
		{4F6C8389-1F6C-01D4-CF98-C1D0744E0DEF}.Debug|Any CPU.ActiveCfg = Debug|Any CPU
		{4F6C8389-1F6C-01D4-CF98-C1D0744E0DEF}.Debug|Any CPU.Build.0 = Debug|Any CPU
		{4F6C8389-1F6C-01D4-CF98-C1D0744E0DEF}.Release|Any CPU.ActiveCfg = Release|Any CPU
		{4F6C8389-1F6C-01D4-CF98-C1D0744E0DEF}.Release|Any CPU.Build.0 = Release|Any CPU
		{4E46F9E6-2CBD-B633-034F-D21EE7BE4C3D}.Debug|Any CPU.ActiveCfg = Debug|Any CPU
		{4E46F9E6-2CBD-B633-034F-D21EE7BE4C3D}.Debug|Any CPU.Build.0 = Debug|Any CPU
		{4E46F9E6-2CBD-B633-034F-D21EE7BE4C3D}.Release|Any CPU.ActiveCfg = Release|Any CPU
		{4E46F9E6-2CBD-B633-034F-D21EE7BE4C3D}.Release|Any CPU.Build.0 = Release|Any CPU
		{627B6452-DC5C-1407-9C2F-9BA22B6F8C2F}.Debug|Any CPU.ActiveCfg = Debug|Any CPU
		{627B6452-DC5C-1407-9C2F-9BA22B6F8C2F}.Debug|Any CPU.Build.0 = Debug|Any CPU
		{627B6452-DC5C-1407-9C2F-9BA22B6F8C2F}.Release|Any CPU.ActiveCfg = Release|Any CPU
		{627B6452-DC5C-1407-9C2F-9BA22B6F8C2F}.Release|Any CPU.Build.0 = Release|Any CPU
		{1D6843D2-EDA7-24BF-7027-45DCEB8B84DE}.Debug|Any CPU.ActiveCfg = Debug|Any CPU
		{1D6843D2-EDA7-24BF-7027-45DCEB8B84DE}.Debug|Any CPU.Build.0 = Debug|Any CPU
		{1D6843D2-EDA7-24BF-7027-45DCEB8B84DE}.Release|Any CPU.ActiveCfg = Release|Any CPU
		{1D6843D2-EDA7-24BF-7027-45DCEB8B84DE}.Release|Any CPU.Build.0 = Release|Any CPU
		{D494E3C5-EDD5-7D7C-2858-9A829375D38C}.Debug|Any CPU.ActiveCfg = Debug|Any CPU
		{D494E3C5-EDD5-7D7C-2858-9A829375D38C}.Debug|Any CPU.Build.0 = Debug|Any CPU
		{D494E3C5-EDD5-7D7C-2858-9A829375D38C}.Release|Any CPU.ActiveCfg = Release|Any CPU
		{D494E3C5-EDD5-7D7C-2858-9A829375D38C}.Release|Any CPU.Build.0 = Release|Any CPU
		{531FA4E9-818E-BC52-6DC6-D64872C41A98}.Debug|Any CPU.ActiveCfg = Debug|Any CPU
		{531FA4E9-818E-BC52-6DC6-D64872C41A98}.Debug|Any CPU.Build.0 = Debug|Any CPU
		{531FA4E9-818E-BC52-6DC6-D64872C41A98}.Release|Any CPU.ActiveCfg = Release|Any CPU
		{531FA4E9-818E-BC52-6DC6-D64872C41A98}.Release|Any CPU.Build.0 = Release|Any CPU
		{323F3325-8507-FB43-76EB-668B2919B765}.Debug|Any CPU.ActiveCfg = Debug|Any CPU
		{323F3325-8507-FB43-76EB-668B2919B765}.Debug|Any CPU.Build.0 = Debug|Any CPU
		{323F3325-8507-FB43-76EB-668B2919B765}.Release|Any CPU.ActiveCfg = Release|Any CPU
		{323F3325-8507-FB43-76EB-668B2919B765}.Release|Any CPU.Build.0 = Release|Any CPU
		{DA0FD51E-2EA9-E821-FFF2-A4C187053519}.Debug|Any CPU.ActiveCfg = Debug|Any CPU
		{DA0FD51E-2EA9-E821-FFF2-A4C187053519}.Debug|Any CPU.Build.0 = Debug|Any CPU
		{DA0FD51E-2EA9-E821-FFF2-A4C187053519}.Release|Any CPU.ActiveCfg = Release|Any CPU
		{DA0FD51E-2EA9-E821-FFF2-A4C187053519}.Release|Any CPU.Build.0 = Release|Any CPU
		{1FD0D449-DFC3-D73D-B4FE-907F9C4695C3}.Debug|Any CPU.ActiveCfg = Debug|Any CPU
		{1FD0D449-DFC3-D73D-B4FE-907F9C4695C3}.Debug|Any CPU.Build.0 = Debug|Any CPU
		{1FD0D449-DFC3-D73D-B4FE-907F9C4695C3}.Release|Any CPU.ActiveCfg = Release|Any CPU
		{1FD0D449-DFC3-D73D-B4FE-907F9C4695C3}.Release|Any CPU.Build.0 = Release|Any CPU
		{4E807A89-9D46-6261-627F-E60D63DF5CCB}.Debug|Any CPU.ActiveCfg = Debug|Any CPU
		{4E807A89-9D46-6261-627F-E60D63DF5CCB}.Debug|Any CPU.Build.0 = Debug|Any CPU
		{4E807A89-9D46-6261-627F-E60D63DF5CCB}.Release|Any CPU.ActiveCfg = Release|Any CPU
		{4E807A89-9D46-6261-627F-E60D63DF5CCB}.Release|Any CPU.Build.0 = Release|Any CPU
		{4AED9326-6FB3-87D8-8EBA-940EF7EEE57A}.Debug|Any CPU.ActiveCfg = Debug|Any CPU
		{4AED9326-6FB3-87D8-8EBA-940EF7EEE57A}.Debug|Any CPU.Build.0 = Debug|Any CPU
		{4AED9326-6FB3-87D8-8EBA-940EF7EEE57A}.Release|Any CPU.ActiveCfg = Release|Any CPU
		{4AED9326-6FB3-87D8-8EBA-940EF7EEE57A}.Release|Any CPU.Build.0 = Release|Any CPU
		{6D37F7DA-892E-4A14-40F1-114868818983}.Debug|Any CPU.ActiveCfg = Debug|Any CPU
		{6D37F7DA-892E-4A14-40F1-114868818983}.Debug|Any CPU.Build.0 = Debug|Any CPU
		{6D37F7DA-892E-4A14-40F1-114868818983}.Release|Any CPU.ActiveCfg = Release|Any CPU
		{6D37F7DA-892E-4A14-40F1-114868818983}.Release|Any CPU.Build.0 = Release|Any CPU
		{D12C133E-262C-520E-F1A7-2E19C0F97CBA}.Debug|Any CPU.ActiveCfg = Debug|Any CPU
		{D12C133E-262C-520E-F1A7-2E19C0F97CBA}.Debug|Any CPU.Build.0 = Debug|Any CPU
		{D12C133E-262C-520E-F1A7-2E19C0F97CBA}.Release|Any CPU.ActiveCfg = Release|Any CPU
		{D12C133E-262C-520E-F1A7-2E19C0F97CBA}.Release|Any CPU.Build.0 = Release|Any CPU
		{5197E2B6-4BB9-F3FD-5C0C-294CBE0BE855}.Debug|Any CPU.ActiveCfg = Debug|Any CPU
		{5197E2B6-4BB9-F3FD-5C0C-294CBE0BE855}.Debug|Any CPU.Build.0 = Debug|Any CPU
		{5197E2B6-4BB9-F3FD-5C0C-294CBE0BE855}.Release|Any CPU.ActiveCfg = Release|Any CPU
		{5197E2B6-4BB9-F3FD-5C0C-294CBE0BE855}.Release|Any CPU.Build.0 = Release|Any CPU
		{A92DC5AA-1AFD-788F-928D-10CF8C6BA338}.Debug|Any CPU.ActiveCfg = Debug|Any CPU
		{A92DC5AA-1AFD-788F-928D-10CF8C6BA338}.Debug|Any CPU.Build.0 = Debug|Any CPU
		{A92DC5AA-1AFD-788F-928D-10CF8C6BA338}.Release|Any CPU.ActiveCfg = Release|Any CPU
		{A92DC5AA-1AFD-788F-928D-10CF8C6BA338}.Release|Any CPU.Build.0 = Release|Any CPU
		{62CC98F1-2F86-A37E-BE59-A690E0CCDF35}.Debug|Any CPU.ActiveCfg = Debug|Any CPU
		{62CC98F1-2F86-A37E-BE59-A690E0CCDF35}.Debug|Any CPU.Build.0 = Debug|Any CPU
		{62CC98F1-2F86-A37E-BE59-A690E0CCDF35}.Release|Any CPU.ActiveCfg = Release|Any CPU
		{62CC98F1-2F86-A37E-BE59-A690E0CCDF35}.Release|Any CPU.Build.0 = Release|Any CPU
		{B2C23741-7240-0B75-D9FB-180FC3E3DC35}.Debug|Any CPU.ActiveCfg = Debug|Any CPU
		{B2C23741-7240-0B75-D9FB-180FC3E3DC35}.Debug|Any CPU.Build.0 = Debug|Any CPU
		{B2C23741-7240-0B75-D9FB-180FC3E3DC35}.Release|Any CPU.ActiveCfg = Release|Any CPU
		{B2C23741-7240-0B75-D9FB-180FC3E3DC35}.Release|Any CPU.Build.0 = Release|Any CPU
		{0AAD8C0A-DA68-4C54-6183-AC0DA539D2D7}.Debug|Any CPU.ActiveCfg = Debug|Any CPU
		{0AAD8C0A-DA68-4C54-6183-AC0DA539D2D7}.Debug|Any CPU.Build.0 = Debug|Any CPU
		{0AAD8C0A-DA68-4C54-6183-AC0DA539D2D7}.Release|Any CPU.ActiveCfg = Release|Any CPU
		{0AAD8C0A-DA68-4C54-6183-AC0DA539D2D7}.Release|Any CPU.Build.0 = Release|Any CPU
		{459AE103-B70E-4AF1-E3C9-6021223DBBC7}.Debug|Any CPU.ActiveCfg = Debug|Any CPU
		{459AE103-B70E-4AF1-E3C9-6021223DBBC7}.Debug|Any CPU.Build.0 = Debug|Any CPU
		{459AE103-B70E-4AF1-E3C9-6021223DBBC7}.Release|Any CPU.ActiveCfg = Release|Any CPU
		{459AE103-B70E-4AF1-E3C9-6021223DBBC7}.Release|Any CPU.Build.0 = Release|Any CPU
		{E0CA7B82-58FB-0AC1-CA5A-CD3EC115C67B}.Debug|Any CPU.ActiveCfg = Debug|Any CPU
		{E0CA7B82-58FB-0AC1-CA5A-CD3EC115C67B}.Debug|Any CPU.Build.0 = Debug|Any CPU
		{E0CA7B82-58FB-0AC1-CA5A-CD3EC115C67B}.Release|Any CPU.ActiveCfg = Release|Any CPU
		{E0CA7B82-58FB-0AC1-CA5A-CD3EC115C67B}.Release|Any CPU.Build.0 = Release|Any CPU
		{B6A01E75-D6FE-C56E-CDA5-186118915D67}.Debug|Any CPU.ActiveCfg = Debug|Any CPU
		{B6A01E75-D6FE-C56E-CDA5-186118915D67}.Debug|Any CPU.Build.0 = Debug|Any CPU
		{B6A01E75-D6FE-C56E-CDA5-186118915D67}.Release|Any CPU.ActiveCfg = Release|Any CPU
		{B6A01E75-D6FE-C56E-CDA5-186118915D67}.Release|Any CPU.Build.0 = Release|Any CPU
		{8FD91E8D-8737-8766-FB1D-1CDE130FD0C7}.Debug|Any CPU.ActiveCfg = Debug|Any CPU
		{8FD91E8D-8737-8766-FB1D-1CDE130FD0C7}.Debug|Any CPU.Build.0 = Debug|Any CPU
		{8FD91E8D-8737-8766-FB1D-1CDE130FD0C7}.Release|Any CPU.ActiveCfg = Release|Any CPU
		{8FD91E8D-8737-8766-FB1D-1CDE130FD0C7}.Release|Any CPU.Build.0 = Release|Any CPU
		{EAC5DF00-E292-CBC9-3E5E-CF7055953AB4}.Debug|Any CPU.ActiveCfg = Debug|Any CPU
		{EAC5DF00-E292-CBC9-3E5E-CF7055953AB4}.Debug|Any CPU.Build.0 = Debug|Any CPU
		{EAC5DF00-E292-CBC9-3E5E-CF7055953AB4}.Release|Any CPU.ActiveCfg = Release|Any CPU
		{EAC5DF00-E292-CBC9-3E5E-CF7055953AB4}.Release|Any CPU.Build.0 = Release|Any CPU
		{03C29BDA-F645-70C8-C8AA-E2EFC4ECF736}.Debug|Any CPU.ActiveCfg = Debug|Any CPU
		{03C29BDA-F645-70C8-C8AA-E2EFC4ECF736}.Debug|Any CPU.Build.0 = Debug|Any CPU
		{03C29BDA-F645-70C8-C8AA-E2EFC4ECF736}.Release|Any CPU.ActiveCfg = Release|Any CPU
		{03C29BDA-F645-70C8-C8AA-E2EFC4ECF736}.Release|Any CPU.Build.0 = Release|Any CPU
		{B350B80F-9EB7-371A-85FA-CA2B4DC886B4}.Debug|Any CPU.ActiveCfg = Debug|Any CPU
		{B350B80F-9EB7-371A-85FA-CA2B4DC886B4}.Debug|Any CPU.Build.0 = Debug|Any CPU
		{B350B80F-9EB7-371A-85FA-CA2B4DC886B4}.Release|Any CPU.ActiveCfg = Release|Any CPU
		{B350B80F-9EB7-371A-85FA-CA2B4DC886B4}.Release|Any CPU.Build.0 = Release|Any CPU
		{FA38FA22-7C5F-FCE8-B3A4-657800B80410}.Debug|Any CPU.ActiveCfg = Debug|Any CPU
		{FA38FA22-7C5F-FCE8-B3A4-657800B80410}.Debug|Any CPU.Build.0 = Debug|Any CPU
		{FA38FA22-7C5F-FCE8-B3A4-657800B80410}.Release|Any CPU.ActiveCfg = Release|Any CPU
		{FA38FA22-7C5F-FCE8-B3A4-657800B80410}.Release|Any CPU.Build.0 = Release|Any CPU
		{31BB3FEF-610E-BB2C-25FD-40DA30DD2DDB}.Debug|Any CPU.ActiveCfg = Debug|Any CPU
		{31BB3FEF-610E-BB2C-25FD-40DA30DD2DDB}.Debug|Any CPU.Build.0 = Debug|Any CPU
		{31BB3FEF-610E-BB2C-25FD-40DA30DD2DDB}.Release|Any CPU.ActiveCfg = Release|Any CPU
		{31BB3FEF-610E-BB2C-25FD-40DA30DD2DDB}.Release|Any CPU.Build.0 = Release|Any CPU
		{332525B6-5358-7933-ABB6-16EED5EF8961}.Debug|Any CPU.ActiveCfg = Debug|Any CPU
		{332525B6-5358-7933-ABB6-16EED5EF8961}.Debug|Any CPU.Build.0 = Debug|Any CPU
		{332525B6-5358-7933-ABB6-16EED5EF8961}.Release|Any CPU.ActiveCfg = Release|Any CPU
		{332525B6-5358-7933-ABB6-16EED5EF8961}.Release|Any CPU.Build.0 = Release|Any CPU
		{03E20739-7CCD-5E0A-7FB0-85C793E8FBC3}.Debug|Any CPU.ActiveCfg = Debug|Any CPU
		{03E20739-7CCD-5E0A-7FB0-85C793E8FBC3}.Debug|Any CPU.Build.0 = Debug|Any CPU
		{03E20739-7CCD-5E0A-7FB0-85C793E8FBC3}.Release|Any CPU.ActiveCfg = Release|Any CPU
		{03E20739-7CCD-5E0A-7FB0-85C793E8FBC3}.Release|Any CPU.Build.0 = Release|Any CPU
		{F197D5FD-9BD5-708D-4294-44BDE2867168}.Debug|Any CPU.ActiveCfg = Debug|Any CPU
		{F197D5FD-9BD5-708D-4294-44BDE2867168}.Debug|Any CPU.Build.0 = Debug|Any CPU
		{F197D5FD-9BD5-708D-4294-44BDE2867168}.Release|Any CPU.ActiveCfg = Release|Any CPU
		{F197D5FD-9BD5-708D-4294-44BDE2867168}.Release|Any CPU.Build.0 = Release|Any CPU
		{0199813B-C363-B796-E9F4-D5F5249CC879}.Debug|Any CPU.ActiveCfg = Debug|Any CPU
		{0199813B-C363-B796-E9F4-D5F5249CC879}.Debug|Any CPU.Build.0 = Debug|Any CPU
		{0199813B-C363-B796-E9F4-D5F5249CC879}.Release|Any CPU.ActiveCfg = Release|Any CPU
		{0199813B-C363-B796-E9F4-D5F5249CC879}.Release|Any CPU.Build.0 = Release|Any CPU
		{0BA58C95-672C-AAAC-A6B2-8E606F4177A6}.Debug|Any CPU.ActiveCfg = Debug|Any CPU
		{0BA58C95-672C-AAAC-A6B2-8E606F4177A6}.Debug|Any CPU.Build.0 = Debug|Any CPU
		{0BA58C95-672C-AAAC-A6B2-8E606F4177A6}.Release|Any CPU.ActiveCfg = Release|Any CPU
		{0BA58C95-672C-AAAC-A6B2-8E606F4177A6}.Release|Any CPU.Build.0 = Release|Any CPU
		{AE09F8B5-087B-9C67-A76C-D43B68B19514}.Debug|Any CPU.ActiveCfg = Debug|Any CPU
		{AE09F8B5-087B-9C67-A76C-D43B68B19514}.Debug|Any CPU.Build.0 = Debug|Any CPU
		{AE09F8B5-087B-9C67-A76C-D43B68B19514}.Release|Any CPU.ActiveCfg = Release|Any CPU
		{AE09F8B5-087B-9C67-A76C-D43B68B19514}.Release|Any CPU.Build.0 = Release|Any CPU
		{905F777F-3E8B-CC9E-8E4A-E943AC901403}.Debug|Any CPU.ActiveCfg = Debug|Any CPU
		{905F777F-3E8B-CC9E-8E4A-E943AC901403}.Debug|Any CPU.Build.0 = Debug|Any CPU
		{905F777F-3E8B-CC9E-8E4A-E943AC901403}.Release|Any CPU.ActiveCfg = Release|Any CPU
		{905F777F-3E8B-CC9E-8E4A-E943AC901403}.Release|Any CPU.Build.0 = Release|Any CPU
		{8957BDF4-9F01-D1BF-CD9E-7275B51726EB}.Debug|Any CPU.ActiveCfg = Debug|Any CPU
		{8957BDF4-9F01-D1BF-CD9E-7275B51726EB}.Debug|Any CPU.Build.0 = Debug|Any CPU
		{8957BDF4-9F01-D1BF-CD9E-7275B51726EB}.Release|Any CPU.ActiveCfg = Release|Any CPU
		{8957BDF4-9F01-D1BF-CD9E-7275B51726EB}.Release|Any CPU.Build.0 = Release|Any CPU
		{71B17CA7-FDD5-8AC0-AEE8-565707DBCE4E}.Debug|Any CPU.ActiveCfg = Debug|Any CPU
		{71B17CA7-FDD5-8AC0-AEE8-565707DBCE4E}.Debug|Any CPU.Build.0 = Debug|Any CPU
		{71B17CA7-FDD5-8AC0-AEE8-565707DBCE4E}.Release|Any CPU.ActiveCfg = Release|Any CPU
		{71B17CA7-FDD5-8AC0-AEE8-565707DBCE4E}.Release|Any CPU.Build.0 = Release|Any CPU
		{DC58705B-3A92-F8F5-7A8D-153374F0D604}.Debug|Any CPU.ActiveCfg = Debug|Any CPU
		{DC58705B-3A92-F8F5-7A8D-153374F0D604}.Debug|Any CPU.Build.0 = Debug|Any CPU
		{DC58705B-3A92-F8F5-7A8D-153374F0D604}.Release|Any CPU.ActiveCfg = Release|Any CPU
		{DC58705B-3A92-F8F5-7A8D-153374F0D604}.Release|Any CPU.Build.0 = Release|Any CPU
		{DB535A92-31A6-F0C3-36AB-2DE1B532E442}.Debug|Any CPU.ActiveCfg = Debug|Any CPU
		{DB535A92-31A6-F0C3-36AB-2DE1B532E442}.Debug|Any CPU.Build.0 = Debug|Any CPU
		{DB535A92-31A6-F0C3-36AB-2DE1B532E442}.Release|Any CPU.ActiveCfg = Release|Any CPU
		{DB535A92-31A6-F0C3-36AB-2DE1B532E442}.Release|Any CPU.Build.0 = Release|Any CPU
		{A03D6847-C571-E3EB-0C50-AED55EC1A045}.Debug|Any CPU.ActiveCfg = Debug|Any CPU
		{A03D6847-C571-E3EB-0C50-AED55EC1A045}.Debug|Any CPU.Build.0 = Debug|Any CPU
		{A03D6847-C571-E3EB-0C50-AED55EC1A045}.Release|Any CPU.ActiveCfg = Release|Any CPU
		{A03D6847-C571-E3EB-0C50-AED55EC1A045}.Release|Any CPU.Build.0 = Release|Any CPU
	EndGlobalSection
	GlobalSection(SolutionProperties) = preSolution
		HideSolutionNode = FALSE
	EndGlobalSection
EndGlobal
